
Microsoft Visual Studio Solution File, Format Version 12.00
# Visual Studio 15
VisualStudioVersion = 15.0.28307.779
MinimumVisualStudioVersion = 10.0.40219.1
Project("{8BC9CEB8-8B4A-11D0-8D11-00A0C91BC942}") = "BinarySearchTrees", "BinarySearchTrees\BinarySearchTrees.vcxproj", "{727C8FE2-EF23-4F8B-943B-8C3044BFB79D}"
EndProject
Project("{8BC9CEB8-8B4A-11D0-8D11-00A0C91BC942}") = "Grafos", "Grafos\Grafos.vcxproj", "{A34A50AF-D98A-435F-804D-086F1F74A042}"
EndProject
Global
	GlobalSection(SolutionConfigurationPlatforms) = preSolution
		Debug|x64 = Debug|x64
		Debug|x86 = Debug|x86
		Release|x64 = Release|x64
		Release|x86 = Release|x86
	EndGlobalSection
	GlobalSection(ProjectConfigurationPlatforms) = postSolution
		{727C8FE2-EF23-4F8B-943B-8C3044BFB79D}.Debug|x64.ActiveCfg = Debug|x64
		{727C8FE2-EF23-4F8B-943B-8C3044BFB79D}.Debug|x64.Build.0 = Debug|x64
		{727C8FE2-EF23-4F8B-943B-8C3044BFB79D}.Debug|x86.ActiveCfg = Debug|Win32
		{727C8FE2-EF23-4F8B-943B-8C3044BFB79D}.Debug|x86.Build.0 = Debug|Win32
		{727C8FE2-EF23-4F8B-943B-8C3044BFB79D}.Release|x64.ActiveCfg = Release|x64
		{727C8FE2-EF23-4F8B-943B-8C3044BFB79D}.Release|x64.Build.0 = Release|x64
		{727C8FE2-EF23-4F8B-943B-8C3044BFB79D}.Release|x86.ActiveCfg = Release|Win32
		{727C8FE2-EF23-4F8B-943B-8C3044BFB79D}.Release|x86.Build.0 = Release|Win32
		{A34A50AF-D98A-435F-804D-086F1F74A042}.Debug|x64.ActiveCfg = Debug|x64
		{A34A50AF-D98A-435F-804D-086F1F74A042}.Debug|x64.Build.0 = Debug|x64
		{A34A50AF-D98A-435F-804D-086F1F74A042}.Debug|x86.ActiveCfg = Debug|Win32
		{A34A50AF-D98A-435F-804D-086F1F74A042}.Debug|x86.Build.0 = Debug|Win32
		{A34A50AF-D98A-435F-804D-086F1F74A042}.Release|x64.ActiveCfg = Release|x64
		{A34A50AF-D98A-435F-804D-086F1F74A042}.Release|x64.Build.0 = Release|x64
		{A34A50AF-D98A-435F-804D-086F1F74A042}.Release|x86.ActiveCfg = Release|Win32
		{A34A50AF-D98A-435F-804D-086F1F74A042}.Release|x86.Build.0 = Release|Win32
	EndGlobalSection
	GlobalSection(SolutionProperties) = preSolution
		HideSolutionNode = FALSE
	EndGlobalSection
	GlobalSection(ExtensibilityGlobals) = postSolution
		SolutionGuid = {E8A4DECB-111C-49DF-BF81-D2E4EE320EDB}
	EndGlobalSection
EndGlobal
